
Microsoft Visual Studio Solution File, Format Version 12.00
# Visual Studio Version 16
VisualStudioVersion = 16.0.29020.237
MinimumVisualStudioVersion = 10.0.40219.1
Project("{9A19103F-16F7-4668-BE54-9A1E7A4F7556}") = "MarauderMap.Domain", "src\MarauderMap.Domain\MarauderMap.Domain.csproj", "{554AD327-6DBA-4F8F-96F8-81CE7A0C863F}"
EndProject
Project("{9A19103F-16F7-4668-BE54-9A1E7A4F7556}") = "MarauderMap.Application", "src\MarauderMap.Application\MarauderMap.Application.csproj", "{1A94A50E-06DC-43C1-80B5-B662820EC3EB}"
EndProject
Project("{2150E333-8FDC-42A3-9474-1A3956D46DE8}") = "src", "src", "{CA9AC87F-097E-4F15-8393-4BC07735A5B0}"
EndProject
Project("{9A19103F-16F7-4668-BE54-9A1E7A4F7556}") = "MarauderMap.Domain.Shared", "src\MarauderMap.Domain.Shared\MarauderMap.Domain.Shared.csproj", "{42F719ED-8413-4895-B5B4-5AB56079BC66}"
EndProject
Project("{9A19103F-16F7-4668-BE54-9A1E7A4F7556}") = "MarauderMap.Application.Contracts", "src\MarauderMap.Application.Contracts\MarauderMap.Application.Contracts.csproj", "{520659C8-C734-4298-A3DA-B539DB9DFC0B}"
EndProject
Project("{2150E333-8FDC-42A3-9474-1A3956D46DE8}") = "test", "test", "{A65B772D-4029-420B-8678-12EF0358DCC7}"
EndProject
Project("{9A19103F-16F7-4668-BE54-9A1E7A4F7556}") = "MarauderMap.TestBase", "test\MarauderMap.TestBase\MarauderMap.TestBase.csproj", "{5865A549-A772-4AA3-A1C7-7CCAEBCC7F16}"
EndProject
Project("{9A19103F-16F7-4668-BE54-9A1E7A4F7556}") = "MarauderMap.Domain.Tests", "test\MarauderMap.Domain.Tests\MarauderMap.Domain.Tests.csproj", "{8B27F28A-3650-40DA-8077-38262C5746EA}"
EndProject
Project("{9A19103F-16F7-4668-BE54-9A1E7A4F7556}") = "MarauderMap.Application.Tests", "test\MarauderMap.Application.Tests\MarauderMap.Application.Tests.csproj", "{24330FA1-E072-43D5-8D87-27C73400EE63}"
EndProject
Project("{9A19103F-16F7-4668-BE54-9A1E7A4F7556}") = "MarauderMap.HttpApi.Client.ConsoleTestApp", "test\MarauderMap.HttpApi.Client.ConsoleTestApp\MarauderMap.HttpApi.Client.ConsoleTestApp.csproj", "{7C97B4B5-721D-4BC4-8267-E394CEFA35AB}"
EndProject
Project("{9A19103F-16F7-4668-BE54-9A1E7A4F7556}") = "MarauderMap.Desktop", "src\MarauderMap.Desktop\MarauderMap.Desktop.csproj", "{1D753055-3512-497E-88FC-91EEB593CF26}"
EndProject
Project("{9A19103F-16F7-4668-BE54-9A1E7A4F7556}") = "MarauderMap.EntityFrameworkCore", "src\MarauderMap.EntityFrameworkCore\MarauderMap.EntityFrameworkCore.csproj", "{4EF8C7D7-00BA-4F20-BAA8-24D90FE21777}"
EndProject
Project("{9A19103F-16F7-4668-BE54-9A1E7A4F7556}") = "MarauderMap.EntityFrameworkCore.DbMigrations", "src\MarauderMap.EntityFrameworkCore.DbMigrations\MarauderMap.EntityFrameworkCore.DbMigrations.csproj", "{F2CB391D-1A39-4027-B2BB-5DADF9AAD80C}"
EndProject
Project("{9A19103F-16F7-4668-BE54-9A1E7A4F7556}") = "MarauderMap.DbMigrator", "src\MarauderMap.DbMigrator\MarauderMap.DbMigrator.csproj", "{A9072F92-D87D-4E37-986D-F5FE784A6A52}"
EndProject
Project("{9A19103F-16F7-4668-BE54-9A1E7A4F7556}") = "MarauderMap.EntityFrameworkCore.Tests", "test\MarauderMap.EntityFrameworkCore.Tests\MarauderMap.EntityFrameworkCore.Tests.csproj", "{42980527-AD66-4E4E-8755-60803D52B762}"
EndProject
Global
	GlobalSection(SolutionConfigurationPlatforms) = preSolution
		Debug|Any CPU = Debug|Any CPU
		Release|Any CPU = Release|Any CPU
	EndGlobalSection
	GlobalSection(ProjectConfigurationPlatforms) = postSolution
		{554AD327-6DBA-4F8F-96F8-81CE7A0C863F}.Debug|Any CPU.ActiveCfg = Debug|Any CPU
		{554AD327-6DBA-4F8F-96F8-81CE7A0C863F}.Debug|Any CPU.Build.0 = Debug|Any CPU
		{554AD327-6DBA-4F8F-96F8-81CE7A0C863F}.Release|Any CPU.ActiveCfg = Release|Any CPU
		{554AD327-6DBA-4F8F-96F8-81CE7A0C863F}.Release|Any CPU.Build.0 = Release|Any CPU
		{1A94A50E-06DC-43C1-80B5-B662820EC3EB}.Debug|Any CPU.ActiveCfg = Debug|Any CPU
		{1A94A50E-06DC-43C1-80B5-B662820EC3EB}.Debug|Any CPU.Build.0 = Debug|Any CPU
		{1A94A50E-06DC-43C1-80B5-B662820EC3EB}.Release|Any CPU.ActiveCfg = Release|Any CPU
		{1A94A50E-06DC-43C1-80B5-B662820EC3EB}.Release|Any CPU.Build.0 = Release|Any CPU
		{42F719ED-8413-4895-B5B4-5AB56079BC66}.Debug|Any CPU.ActiveCfg = Debug|Any CPU
		{42F719ED-8413-4895-B5B4-5AB56079BC66}.Debug|Any CPU.Build.0 = Debug|Any CPU
		{42F719ED-8413-4895-B5B4-5AB56079BC66}.Release|Any CPU.ActiveCfg = Release|Any CPU
		{42F719ED-8413-4895-B5B4-5AB56079BC66}.Release|Any CPU.Build.0 = Release|Any CPU
		{520659C8-C734-4298-A3DA-B539DB9DFC0B}.Debug|Any CPU.ActiveCfg = Debug|Any CPU
		{520659C8-C734-4298-A3DA-B539DB9DFC0B}.Debug|Any CPU.Build.0 = Debug|Any CPU
		{520659C8-C734-4298-A3DA-B539DB9DFC0B}.Release|Any CPU.ActiveCfg = Release|Any CPU
		{520659C8-C734-4298-A3DA-B539DB9DFC0B}.Release|Any CPU.Build.0 = Release|Any CPU
		{5865A549-A772-4AA3-A1C7-7CCAEBCC7F16}.Debug|Any CPU.ActiveCfg = Debug|Any CPU
		{5865A549-A772-4AA3-A1C7-7CCAEBCC7F16}.Debug|Any CPU.Build.0 = Debug|Any CPU
		{5865A549-A772-4AA3-A1C7-7CCAEBCC7F16}.Release|Any CPU.ActiveCfg = Release|Any CPU
		{5865A549-A772-4AA3-A1C7-7CCAEBCC7F16}.Release|Any CPU.Build.0 = Release|Any CPU
		{8B27F28A-3650-40DA-8077-38262C5746EA}.Debug|Any CPU.ActiveCfg = Debug|Any CPU
		{8B27F28A-3650-40DA-8077-38262C5746EA}.Debug|Any CPU.Build.0 = Debug|Any CPU
		{8B27F28A-3650-40DA-8077-38262C5746EA}.Release|Any CPU.ActiveCfg = Release|Any CPU
		{8B27F28A-3650-40DA-8077-38262C5746EA}.Release|Any CPU.Build.0 = Release|Any CPU
		{24330FA1-E072-43D5-8D87-27C73400EE63}.Debug|Any CPU.ActiveCfg = Debug|Any CPU
		{24330FA1-E072-43D5-8D87-27C73400EE63}.Debug|Any CPU.Build.0 = Debug|Any CPU
		{24330FA1-E072-43D5-8D87-27C73400EE63}.Release|Any CPU.ActiveCfg = Release|Any CPU
		{24330FA1-E072-43D5-8D87-27C73400EE63}.Release|Any CPU.Build.0 = Release|Any CPU
		{7C97B4B5-721D-4BC4-8267-E394CEFA35AB}.Debug|Any CPU.ActiveCfg = Debug|Any CPU
		{7C97B4B5-721D-4BC4-8267-E394CEFA35AB}.Debug|Any CPU.Build.0 = Debug|Any CPU
		{7C97B4B5-721D-4BC4-8267-E394CEFA35AB}.Release|Any CPU.ActiveCfg = Release|Any CPU
		{7C97B4B5-721D-4BC4-8267-E394CEFA35AB}.Release|Any CPU.Build.0 = Release|Any CPU
		{1D753055-3512-497E-88FC-91EEB593CF26}.Debug|Any CPU.ActiveCfg = Debug|Any CPU
		{1D753055-3512-497E-88FC-91EEB593CF26}.Debug|Any CPU.Build.0 = Debug|Any CPU
		{1D753055-3512-497E-88FC-91EEB593CF26}.Release|Any CPU.ActiveCfg = Release|Any CPU
		{1D753055-3512-497E-88FC-91EEB593CF26}.Release|Any CPU.Build.0 = Release|Any CPU
		{4EF8C7D7-00BA-4F20-BAA8-24D90FE21777}.Debug|Any CPU.ActiveCfg = Debug|Any CPU
		{4EF8C7D7-00BA-4F20-BAA8-24D90FE21777}.Debug|Any CPU.Build.0 = Debug|Any CPU
		{4EF8C7D7-00BA-4F20-BAA8-24D90FE21777}.Release|Any CPU.ActiveCfg = Release|Any CPU
		{4EF8C7D7-00BA-4F20-BAA8-24D90FE21777}.Release|Any CPU.Build.0 = Release|Any CPU
		{F2CB391D-1A39-4027-B2BB-5DADF9AAD80C}.Debug|Any CPU.ActiveCfg = Debug|Any CPU
		{F2CB391D-1A39-4027-B2BB-5DADF9AAD80C}.Debug|Any CPU.Build.0 = Debug|Any CPU
		{F2CB391D-1A39-4027-B2BB-5DADF9AAD80C}.Release|Any CPU.ActiveCfg = Release|Any CPU
		{F2CB391D-1A39-4027-B2BB-5DADF9AAD80C}.Release|Any CPU.Build.0 = Release|Any CPU
		{A9072F92-D87D-4E37-986D-F5FE784A6A52}.Debug|Any CPU.ActiveCfg = Debug|Any CPU
		{A9072F92-D87D-4E37-986D-F5FE784A6A52}.Debug|Any CPU.Build.0 = Debug|Any CPU
		{A9072F92-D87D-4E37-986D-F5FE784A6A52}.Release|Any CPU.ActiveCfg = Release|Any CPU
		{A9072F92-D87D-4E37-986D-F5FE784A6A52}.Release|Any CPU.Build.0 = Release|Any CPU
		{42980527-AD66-4E4E-8755-60803D52B762}.Debug|Any CPU.ActiveCfg = Debug|Any CPU
		{42980527-AD66-4E4E-8755-60803D52B762}.Debug|Any CPU.Build.0 = Debug|Any CPU
		{42980527-AD66-4E4E-8755-60803D52B762}.Release|Any CPU.ActiveCfg = Release|Any CPU
		{42980527-AD66-4E4E-8755-60803D52B762}.Release|Any CPU.Build.0 = Release|Any CPU
	EndGlobalSection
	GlobalSection(SolutionProperties) = preSolution
		HideSolutionNode = FALSE
	EndGlobalSection
	GlobalSection(NestedProjects) = preSolution
		{554AD327-6DBA-4F8F-96F8-81CE7A0C863F} = {CA9AC87F-097E-4F15-8393-4BC07735A5B0}
		{1A94A50E-06DC-43C1-80B5-B662820EC3EB} = {CA9AC87F-097E-4F15-8393-4BC07735A5B0}
		{42F719ED-8413-4895-B5B4-5AB56079BC66} = {CA9AC87F-097E-4F15-8393-4BC07735A5B0}
		{520659C8-C734-4298-A3DA-B539DB9DFC0B} = {CA9AC87F-097E-4F15-8393-4BC07735A5B0}
		{5865A549-A772-4AA3-A1C7-7CCAEBCC7F16} = {A65B772D-4029-420B-8678-12EF0358DCC7}
		{8B27F28A-3650-40DA-8077-38262C5746EA} = {A65B772D-4029-420B-8678-12EF0358DCC7}
		{24330FA1-E072-43D5-8D87-27C73400EE63} = {A65B772D-4029-420B-8678-12EF0358DCC7}
		{7C97B4B5-721D-4BC4-8267-E394CEFA35AB} = {A65B772D-4029-420B-8678-12EF0358DCC7}
		{1D753055-3512-497E-88FC-91EEB593CF26} = {CA9AC87F-097E-4F15-8393-4BC07735A5B0}
		{4EF8C7D7-00BA-4F20-BAA8-24D90FE21777} = {CA9AC87F-097E-4F15-8393-4BC07735A5B0}
		{F2CB391D-1A39-4027-B2BB-5DADF9AAD80C} = {CA9AC87F-097E-4F15-8393-4BC07735A5B0}
		{A9072F92-D87D-4E37-986D-F5FE784A6A52} = {CA9AC87F-097E-4F15-8393-4BC07735A5B0}
		{42980527-AD66-4E4E-8755-60803D52B762} = {A65B772D-4029-420B-8678-12EF0358DCC7}
	EndGlobalSection
	GlobalSection(ExtensibilityGlobals) = postSolution
		SolutionGuid = {28315BFD-90E7-4E14-A2EA-F3D23AF4126F}
	EndGlobalSection
EndGlobal
